
Microsoft Visual Studio Solution File, Format Version 12.00
# Visual Studio 15
VisualStudioVersion = 15.0.26403.0
MinimumVisualStudioVersion = 10.0.40219.1
Project("{FAE04EC0-301F-11D3-BF4B-00C04F79EFBC}") = "Case", "Case\Case.csproj", "{A537F997-36A2-418C-8F0D-17AF3D9A9BA5}"
EndProject
Project("{FAE04EC0-301F-11D3-BF4B-00C04F79EFBC}") = "Case.Test", "Case.Test\Case.Test.csproj", "{BE5951ED-FEE7-45F7-AD5A-C0839771F96A}"
EndProject
Project("{FAE04EC0-301F-11D3-BF4B-00C04F79EFBC}") = "Case.Core", "Case.Core\Case.Core.csproj", "{3C5D7D90-B147-431C-B9B1-707485A90B1A}"
EndProject
Project("{FAE04EC0-301F-11D3-BF4B-00C04F79EFBC}") = "DataAccess", "DataAccess\DataAccess.csproj", "{6694650E-7566-47CE-BEB3-A5F449864225}"
EndProject
Project("{FAE04EC0-301F-11D3-BF4B-00C04F79EFBC}") = "Case.FrontEnd", "Case.FrontEnd\Case.FrontEnd.csproj", "{00747D0B-B0EC-4A9B-B003-C67659A80FC9}"
EndProject
Project("{FAE04EC0-301F-11D3-BF4B-00C04F79EFBC}") = "Case.IntegrationTest", "Case.IntegrationTest\Case.IntegrationTest.csproj", "{DA2CE722-219D-4602-8D6B-0D01DBAA1296}"
EndProject
Project("{FAE04EC0-301F-11D3-BF4B-00C04F79EFBC}") = "Case.SystemTest", "Case.SystemTest\Case.SystemTest.csproj", "{C2C0DFFF-C7DB-4BC0-82FB-C7C42C41D067}"
EndProject
Global
	GlobalSection(SolutionConfigurationPlatforms) = preSolution
		Ad-Hoc|Android = Ad-Hoc|Android
		Ad-Hoc|Any CPU = Ad-Hoc|Any CPU
		Ad-Hoc|ARM = Ad-Hoc|ARM
		Ad-Hoc|iPhone = Ad-Hoc|iPhone
		Ad-Hoc|iPhoneSimulator = Ad-Hoc|iPhoneSimulator
		Ad-Hoc|Mixed Platforms = Ad-Hoc|Mixed Platforms
		Ad-Hoc|x86 = Ad-Hoc|x86
		AppStore|Android = AppStore|Android
		AppStore|Any CPU = AppStore|Any CPU
		AppStore|ARM = AppStore|ARM
		AppStore|iPhone = AppStore|iPhone
		AppStore|iPhoneSimulator = AppStore|iPhoneSimulator
		AppStore|Mixed Platforms = AppStore|Mixed Platforms
		AppStore|x86 = AppStore|x86
		Base|Android = Base|Android
		Base|Any CPU = Base|Any CPU
		Base|ARM = Base|ARM
		Base|iPhone = Base|iPhone
		Base|iPhoneSimulator = Base|iPhoneSimulator
		Base|Mixed Platforms = Base|Mixed Platforms
		Base|x86 = Base|x86
		Debug|Android = Debug|Android
		Debug|Any CPU = Debug|Any CPU
		Debug|ARM = Debug|ARM
		Debug|iPhone = Debug|iPhone
		Debug|iPhoneSimulator = Debug|iPhoneSimulator
		Debug|Mixed Platforms = Debug|Mixed Platforms
		Debug|x86 = Debug|x86
		DomLocalDb|Android = DomLocalDb|Android
		DomLocalDb|Any CPU = DomLocalDb|Any CPU
		DomLocalDb|ARM = DomLocalDb|ARM
		DomLocalDb|iPhone = DomLocalDb|iPhone
		DomLocalDb|iPhoneSimulator = DomLocalDb|iPhoneSimulator
		DomLocalDb|Mixed Platforms = DomLocalDb|Mixed Platforms
		DomLocalDb|x86 = DomLocalDb|x86
		EdgarLocalDb|Android = EdgarLocalDb|Android
		EdgarLocalDb|Any CPU = EdgarLocalDb|Any CPU
		EdgarLocalDb|ARM = EdgarLocalDb|ARM
		EdgarLocalDb|iPhone = EdgarLocalDb|iPhone
		EdgarLocalDb|iPhoneSimulator = EdgarLocalDb|iPhoneSimulator
		EdgarLocalDb|Mixed Platforms = EdgarLocalDb|Mixed Platforms
		EdgarLocalDb|x86 = EdgarLocalDb|x86
		MiroLocalDb|Android = MiroLocalDb|Android
		MiroLocalDb|Any CPU = MiroLocalDb|Any CPU
		MiroLocalDb|ARM = MiroLocalDb|ARM
		MiroLocalDb|iPhone = MiroLocalDb|iPhone
		MiroLocalDb|iPhoneSimulator = MiroLocalDb|iPhoneSimulator
		MiroLocalDb|Mixed Platforms = MiroLocalDb|Mixed Platforms
		MiroLocalDb|x86 = MiroLocalDb|x86
		Release|Android = Release|Android
		Release|Any CPU = Release|Any CPU
		Release|ARM = Release|ARM
		Release|iPhone = Release|iPhone
		Release|iPhoneSimulator = Release|iPhoneSimulator
		Release|Mixed Platforms = Release|Mixed Platforms
		Release|x86 = Release|x86
	EndGlobalSection
	GlobalSection(ProjectConfigurationPlatforms) = postSolution
		{A537F997-36A2-418C-8F0D-17AF3D9A9BA5}.Ad-Hoc|Android.ActiveCfg = Release|Any CPU
		{A537F997-36A2-418C-8F0D-17AF3D9A9BA5}.Ad-Hoc|Any CPU.ActiveCfg = Release|Any CPU
		{A537F997-36A2-418C-8F0D-17AF3D9A9BA5}.Ad-Hoc|ARM.ActiveCfg = Release|Any CPU
		{A537F997-36A2-418C-8F0D-17AF3D9A9BA5}.Ad-Hoc|iPhone.ActiveCfg = Release|Any CPU
		{A537F997-36A2-418C-8F0D-17AF3D9A9BA5}.Ad-Hoc|iPhoneSimulator.ActiveCfg = Release|Any CPU
		{A537F997-36A2-418C-8F0D-17AF3D9A9BA5}.Ad-Hoc|Mixed Platforms.ActiveCfg = Release|Any CPU
		{A537F997-36A2-418C-8F0D-17AF3D9A9BA5}.Ad-Hoc|x86.ActiveCfg = Release|Any CPU
		{A537F997-36A2-418C-8F0D-17AF3D9A9BA5}.AppStore|Android.ActiveCfg = Release|Any CPU
		{A537F997-36A2-418C-8F0D-17AF3D9A9BA5}.AppStore|Any CPU.ActiveCfg = Release|Any CPU
		{A537F997-36A2-418C-8F0D-17AF3D9A9BA5}.AppStore|ARM.ActiveCfg = Release|Any CPU
		{A537F997-36A2-418C-8F0D-17AF3D9A9BA5}.AppStore|iPhone.ActiveCfg = Release|Any CPU
		{A537F997-36A2-418C-8F0D-17AF3D9A9BA5}.AppStore|iPhoneSimulator.ActiveCfg = Release|Any CPU
		{A537F997-36A2-418C-8F0D-17AF3D9A9BA5}.AppStore|Mixed Platforms.ActiveCfg = Release|Any CPU
		{A537F997-36A2-418C-8F0D-17AF3D9A9BA5}.AppStore|x86.ActiveCfg = Release|Any CPU
		{A537F997-36A2-418C-8F0D-17AF3D9A9BA5}.Base|Android.ActiveCfg = Base|Any CPU
		{A537F997-36A2-418C-8F0D-17AF3D9A9BA5}.Base|Android.Build.0 = Base|Any CPU
		{A537F997-36A2-418C-8F0D-17AF3D9A9BA5}.Base|Any CPU.ActiveCfg = Base|Any CPU
		{A537F997-36A2-418C-8F0D-17AF3D9A9BA5}.Base|ARM.ActiveCfg = Base|Any CPU
		{A537F997-36A2-418C-8F0D-17AF3D9A9BA5}.Base|ARM.Build.0 = Base|Any CPU
		{A537F997-36A2-418C-8F0D-17AF3D9A9BA5}.Base|iPhone.ActiveCfg = Base|Any CPU
		{A537F997-36A2-418C-8F0D-17AF3D9A9BA5}.Base|iPhone.Build.0 = Base|Any CPU
		{A537F997-36A2-418C-8F0D-17AF3D9A9BA5}.Base|iPhoneSimulator.ActiveCfg = Base|Any CPU
		{A537F997-36A2-418C-8F0D-17AF3D9A9BA5}.Base|iPhoneSimulator.Build.0 = Base|Any CPU
		{A537F997-36A2-418C-8F0D-17AF3D9A9BA5}.Base|Mixed Platforms.ActiveCfg = Base|Any CPU
		{A537F997-36A2-418C-8F0D-17AF3D9A9BA5}.Base|Mixed Platforms.Build.0 = Base|Any CPU
		{A537F997-36A2-418C-8F0D-17AF3D9A9BA5}.Base|x86.ActiveCfg = Base|Any CPU
		{A537F997-36A2-418C-8F0D-17AF3D9A9BA5}.Base|x86.Build.0 = Base|Any CPU
		{A537F997-36A2-418C-8F0D-17AF3D9A9BA5}.Debug|Android.ActiveCfg = Debug|Any CPU
		{A537F997-36A2-418C-8F0D-17AF3D9A9BA5}.Debug|Any CPU.ActiveCfg = Debug|Any CPU
		{A537F997-36A2-418C-8F0D-17AF3D9A9BA5}.Debug|Any CPU.Build.0 = Debug|Any CPU
		{A537F997-36A2-418C-8F0D-17AF3D9A9BA5}.Debug|Any CPU.Deploy.0 = Debug|Any CPU
		{A537F997-36A2-418C-8F0D-17AF3D9A9BA5}.Debug|ARM.ActiveCfg = Debug|Any CPU
		{A537F997-36A2-418C-8F0D-17AF3D9A9BA5}.Debug|iPhone.ActiveCfg = Debug|Any CPU
		{A537F997-36A2-418C-8F0D-17AF3D9A9BA5}.Debug|iPhoneSimulator.ActiveCfg = Debug|Any CPU
		{A537F997-36A2-418C-8F0D-17AF3D9A9BA5}.Debug|Mixed Platforms.ActiveCfg = Debug|Any CPU
		{A537F997-36A2-418C-8F0D-17AF3D9A9BA5}.Debug|x86.ActiveCfg = Debug|Any CPU
		{A537F997-36A2-418C-8F0D-17AF3D9A9BA5}.DomLocalDb|Android.ActiveCfg = DomLocalDb|Any CPU
		{A537F997-36A2-418C-8F0D-17AF3D9A9BA5}.DomLocalDb|Android.Build.0 = DomLocalDb|Any CPU
		{A537F997-36A2-418C-8F0D-17AF3D9A9BA5}.DomLocalDb|Any CPU.ActiveCfg = DomLocalDb|Any CPU
		{A537F997-36A2-418C-8F0D-17AF3D9A9BA5}.DomLocalDb|Any CPU.Build.0 = DomLocalDb|Any CPU
		{A537F997-36A2-418C-8F0D-17AF3D9A9BA5}.DomLocalDb|ARM.ActiveCfg = DomLocalDb|Any CPU
		{A537F997-36A2-418C-8F0D-17AF3D9A9BA5}.DomLocalDb|ARM.Build.0 = DomLocalDb|Any CPU
		{A537F997-36A2-418C-8F0D-17AF3D9A9BA5}.DomLocalDb|iPhone.ActiveCfg = DomLocalDb|Any CPU
		{A537F997-36A2-418C-8F0D-17AF3D9A9BA5}.DomLocalDb|iPhone.Build.0 = DomLocalDb|Any CPU
		{A537F997-36A2-418C-8F0D-17AF3D9A9BA5}.DomLocalDb|iPhoneSimulator.ActiveCfg = DomLocalDb|Any CPU
		{A537F997-36A2-418C-8F0D-17AF3D9A9BA5}.DomLocalDb|iPhoneSimulator.Build.0 = DomLocalDb|Any CPU
		{A537F997-36A2-418C-8F0D-17AF3D9A9BA5}.DomLocalDb|Mixed Platforms.ActiveCfg = DomLocalDb|Any CPU
		{A537F997-36A2-418C-8F0D-17AF3D9A9BA5}.DomLocalDb|Mixed Platforms.Build.0 = DomLocalDb|Any CPU
		{A537F997-36A2-418C-8F0D-17AF3D9A9BA5}.DomLocalDb|x86.ActiveCfg = DomLocalDb|Any CPU
		{A537F997-36A2-418C-8F0D-17AF3D9A9BA5}.DomLocalDb|x86.Build.0 = DomLocalDb|Any CPU
		{A537F997-36A2-418C-8F0D-17AF3D9A9BA5}.EdgarLocalDb|Android.ActiveCfg = EdgarLocalDb|Any CPU
		{A537F997-36A2-418C-8F0D-17AF3D9A9BA5}.EdgarLocalDb|Android.Build.0 = EdgarLocalDb|Any CPU
		{A537F997-36A2-418C-8F0D-17AF3D9A9BA5}.EdgarLocalDb|Any CPU.ActiveCfg = EdgarLocalDb|Any CPU
		{A537F997-36A2-418C-8F0D-17AF3D9A9BA5}.EdgarLocalDb|Any CPU.Build.0 = EdgarLocalDb|Any CPU
		{A537F997-36A2-418C-8F0D-17AF3D9A9BA5}.EdgarLocalDb|ARM.ActiveCfg = EdgarLocalDb|Any CPU
		{A537F997-36A2-418C-8F0D-17AF3D9A9BA5}.EdgarLocalDb|iPhone.ActiveCfg = EdgarLocalDb|Any CPU
		{A537F997-36A2-418C-8F0D-17AF3D9A9BA5}.EdgarLocalDb|iPhoneSimulator.ActiveCfg = EdgarLocalDb|Any CPU
		{A537F997-36A2-418C-8F0D-17AF3D9A9BA5}.EdgarLocalDb|Mixed Platforms.ActiveCfg = EdgarLocalDb|Any CPU
		{A537F997-36A2-418C-8F0D-17AF3D9A9BA5}.EdgarLocalDb|x86.ActiveCfg = EdgarLocalDb|Any CPU
		{A537F997-36A2-418C-8F0D-17AF3D9A9BA5}.MiroLocalDb|Android.ActiveCfg = MiroLocalDb|Any CPU
		{A537F997-36A2-418C-8F0D-17AF3D9A9BA5}.MiroLocalDb|Android.Build.0 = MiroLocalDb|Any CPU
		{A537F997-36A2-418C-8F0D-17AF3D9A9BA5}.MiroLocalDb|Any CPU.ActiveCfg = MiroLocalDb|Any CPU
		{A537F997-36A2-418C-8F0D-17AF3D9A9BA5}.MiroLocalDb|ARM.ActiveCfg = MiroLocalDb|Any CPU
		{A537F997-36A2-418C-8F0D-17AF3D9A9BA5}.MiroLocalDb|ARM.Build.0 = MiroLocalDb|Any CPU
		{A537F997-36A2-418C-8F0D-17AF3D9A9BA5}.MiroLocalDb|iPhone.ActiveCfg = MiroLocalDb|Any CPU
		{A537F997-36A2-418C-8F0D-17AF3D9A9BA5}.MiroLocalDb|iPhone.Build.0 = MiroLocalDb|Any CPU
		{A537F997-36A2-418C-8F0D-17AF3D9A9BA5}.MiroLocalDb|iPhoneSimulator.ActiveCfg = MiroLocalDb|Any CPU
		{A537F997-36A2-418C-8F0D-17AF3D9A9BA5}.MiroLocalDb|iPhoneSimulator.Build.0 = MiroLocalDb|Any CPU
		{A537F997-36A2-418C-8F0D-17AF3D9A9BA5}.MiroLocalDb|Mixed Platforms.ActiveCfg = MiroLocalDb|Any CPU
		{A537F997-36A2-418C-8F0D-17AF3D9A9BA5}.MiroLocalDb|Mixed Platforms.Build.0 = MiroLocalDb|Any CPU
		{A537F997-36A2-418C-8F0D-17AF3D9A9BA5}.MiroLocalDb|x86.ActiveCfg = MiroLocalDb|Any CPU
		{A537F997-36A2-418C-8F0D-17AF3D9A9BA5}.MiroLocalDb|x86.Build.0 = MiroLocalDb|Any CPU
		{A537F997-36A2-418C-8F0D-17AF3D9A9BA5}.Release|Android.ActiveCfg = Release|Any CPU
		{A537F997-36A2-418C-8F0D-17AF3D9A9BA5}.Release|Any CPU.ActiveCfg = Release|Any CPU
		{A537F997-36A2-418C-8F0D-17AF3D9A9BA5}.Release|Any CPU.Build.0 = Release|Any CPU
		{A537F997-36A2-418C-8F0D-17AF3D9A9BA5}.Release|ARM.ActiveCfg = Release|Any CPU
		{A537F997-36A2-418C-8F0D-17AF3D9A9BA5}.Release|iPhone.ActiveCfg = Release|Any CPU
		{A537F997-36A2-418C-8F0D-17AF3D9A9BA5}.Release|iPhoneSimulator.ActiveCfg = Release|Any CPU
		{A537F997-36A2-418C-8F0D-17AF3D9A9BA5}.Release|Mixed Platforms.ActiveCfg = Release|Any CPU
		{A537F997-36A2-418C-8F0D-17AF3D9A9BA5}.Release|x86.ActiveCfg = Release|Any CPU
		{BE5951ED-FEE7-45F7-AD5A-C0839771F96A}.Ad-Hoc|Android.ActiveCfg = Release|Any CPU
		{BE5951ED-FEE7-45F7-AD5A-C0839771F96A}.Ad-Hoc|Any CPU.ActiveCfg = Release|Any CPU
		{BE5951ED-FEE7-45F7-AD5A-C0839771F96A}.Ad-Hoc|ARM.ActiveCfg = Release|Any CPU
		{BE5951ED-FEE7-45F7-AD5A-C0839771F96A}.Ad-Hoc|iPhone.ActiveCfg = Release|Any CPU
		{BE5951ED-FEE7-45F7-AD5A-C0839771F96A}.Ad-Hoc|iPhoneSimulator.ActiveCfg = Release|Any CPU
		{BE5951ED-FEE7-45F7-AD5A-C0839771F96A}.Ad-Hoc|Mixed Platforms.ActiveCfg = Release|Any CPU
		{BE5951ED-FEE7-45F7-AD5A-C0839771F96A}.Ad-Hoc|x86.ActiveCfg = Release|Any CPU
		{BE5951ED-FEE7-45F7-AD5A-C0839771F96A}.AppStore|Android.ActiveCfg = Release|Any CPU
		{BE5951ED-FEE7-45F7-AD5A-C0839771F96A}.AppStore|Any CPU.ActiveCfg = Release|Any CPU
		{BE5951ED-FEE7-45F7-AD5A-C0839771F96A}.AppStore|ARM.ActiveCfg = Release|Any CPU
		{BE5951ED-FEE7-45F7-AD5A-C0839771F96A}.AppStore|iPhone.ActiveCfg = Release|Any CPU
		{BE5951ED-FEE7-45F7-AD5A-C0839771F96A}.AppStore|iPhoneSimulator.ActiveCfg = Release|Any CPU
		{BE5951ED-FEE7-45F7-AD5A-C0839771F96A}.AppStore|Mixed Platforms.ActiveCfg = Release|Any CPU
		{BE5951ED-FEE7-45F7-AD5A-C0839771F96A}.AppStore|x86.ActiveCfg = Release|Any CPU
		{BE5951ED-FEE7-45F7-AD5A-C0839771F96A}.Base|Android.ActiveCfg = Base|Any CPU
		{BE5951ED-FEE7-45F7-AD5A-C0839771F96A}.Base|Android.Build.0 = Base|Any CPU
		{BE5951ED-FEE7-45F7-AD5A-C0839771F96A}.Base|Any CPU.ActiveCfg = Base|Any CPU
		{BE5951ED-FEE7-45F7-AD5A-C0839771F96A}.Base|ARM.ActiveCfg = Base|Any CPU
		{BE5951ED-FEE7-45F7-AD5A-C0839771F96A}.Base|ARM.Build.0 = Base|Any CPU
		{BE5951ED-FEE7-45F7-AD5A-C0839771F96A}.Base|iPhone.ActiveCfg = Base|Any CPU
		{BE5951ED-FEE7-45F7-AD5A-C0839771F96A}.Base|iPhone.Build.0 = Base|Any CPU
		{BE5951ED-FEE7-45F7-AD5A-C0839771F96A}.Base|iPhoneSimulator.ActiveCfg = Base|Any CPU
		{BE5951ED-FEE7-45F7-AD5A-C0839771F96A}.Base|iPhoneSimulator.Build.0 = Base|Any CPU
		{BE5951ED-FEE7-45F7-AD5A-C0839771F96A}.Base|Mixed Platforms.ActiveCfg = Base|Any CPU
		{BE5951ED-FEE7-45F7-AD5A-C0839771F96A}.Base|Mixed Platforms.Build.0 = Base|Any CPU
		{BE5951ED-FEE7-45F7-AD5A-C0839771F96A}.Base|x86.ActiveCfg = Base|Any CPU
		{BE5951ED-FEE7-45F7-AD5A-C0839771F96A}.Base|x86.Build.0 = Base|Any CPU
		{BE5951ED-FEE7-45F7-AD5A-C0839771F96A}.Debug|Android.ActiveCfg = Debug|Any CPU
		{BE5951ED-FEE7-45F7-AD5A-C0839771F96A}.Debug|Any CPU.ActiveCfg = Debug|Any CPU
		{BE5951ED-FEE7-45F7-AD5A-C0839771F96A}.Debug|Any CPU.Build.0 = Debug|Any CPU
		{BE5951ED-FEE7-45F7-AD5A-C0839771F96A}.Debug|Any CPU.Deploy.0 = Debug|Any CPU
		{BE5951ED-FEE7-45F7-AD5A-C0839771F96A}.Debug|ARM.ActiveCfg = Debug|Any CPU
		{BE5951ED-FEE7-45F7-AD5A-C0839771F96A}.Debug|iPhone.ActiveCfg = Debug|Any CPU
		{BE5951ED-FEE7-45F7-AD5A-C0839771F96A}.Debug|iPhoneSimulator.ActiveCfg = Debug|Any CPU
		{BE5951ED-FEE7-45F7-AD5A-C0839771F96A}.Debug|Mixed Platforms.ActiveCfg = Debug|Any CPU
		{BE5951ED-FEE7-45F7-AD5A-C0839771F96A}.Debug|x86.ActiveCfg = Debug|Any CPU
		{BE5951ED-FEE7-45F7-AD5A-C0839771F96A}.DomLocalDb|Android.ActiveCfg = DomLocalDb|Any CPU
		{BE5951ED-FEE7-45F7-AD5A-C0839771F96A}.DomLocalDb|Android.Build.0 = DomLocalDb|Any CPU
		{BE5951ED-FEE7-45F7-AD5A-C0839771F96A}.DomLocalDb|Any CPU.ActiveCfg = DomLocalDb|Any CPU
		{BE5951ED-FEE7-45F7-AD5A-C0839771F96A}.DomLocalDb|Any CPU.Build.0 = DomLocalDb|Any CPU
		{BE5951ED-FEE7-45F7-AD5A-C0839771F96A}.DomLocalDb|ARM.ActiveCfg = DomLocalDb|Any CPU
		{BE5951ED-FEE7-45F7-AD5A-C0839771F96A}.DomLocalDb|ARM.Build.0 = DomLocalDb|Any CPU
		{BE5951ED-FEE7-45F7-AD5A-C0839771F96A}.DomLocalDb|iPhone.ActiveCfg = DomLocalDb|Any CPU
		{BE5951ED-FEE7-45F7-AD5A-C0839771F96A}.DomLocalDb|iPhone.Build.0 = DomLocalDb|Any CPU
		{BE5951ED-FEE7-45F7-AD5A-C0839771F96A}.DomLocalDb|iPhoneSimulator.ActiveCfg = DomLocalDb|Any CPU
		{BE5951ED-FEE7-45F7-AD5A-C0839771F96A}.DomLocalDb|iPhoneSimulator.Build.0 = DomLocalDb|Any CPU
		{BE5951ED-FEE7-45F7-AD5A-C0839771F96A}.DomLocalDb|Mixed Platforms.ActiveCfg = DomLocalDb|Any CPU
		{BE5951ED-FEE7-45F7-AD5A-C0839771F96A}.DomLocalDb|Mixed Platforms.Build.0 = DomLocalDb|Any CPU
		{BE5951ED-FEE7-45F7-AD5A-C0839771F96A}.DomLocalDb|x86.ActiveCfg = DomLocalDb|Any CPU
		{BE5951ED-FEE7-45F7-AD5A-C0839771F96A}.DomLocalDb|x86.Build.0 = DomLocalDb|Any CPU
		{BE5951ED-FEE7-45F7-AD5A-C0839771F96A}.EdgarLocalDb|Android.ActiveCfg = EdgarLocalDb|Any CPU
		{BE5951ED-FEE7-45F7-AD5A-C0839771F96A}.EdgarLocalDb|Android.Build.0 = EdgarLocalDb|Any CPU
		{BE5951ED-FEE7-45F7-AD5A-C0839771F96A}.EdgarLocalDb|Any CPU.ActiveCfg = EdgarLocalDb|Any CPU
		{BE5951ED-FEE7-45F7-AD5A-C0839771F96A}.EdgarLocalDb|Any CPU.Build.0 = EdgarLocalDb|Any CPU
		{BE5951ED-FEE7-45F7-AD5A-C0839771F96A}.EdgarLocalDb|ARM.ActiveCfg = EdgarLocalDb|Any CPU
		{BE5951ED-FEE7-45F7-AD5A-C0839771F96A}.EdgarLocalDb|iPhone.ActiveCfg = EdgarLocalDb|Any CPU
		{BE5951ED-FEE7-45F7-AD5A-C0839771F96A}.EdgarLocalDb|iPhoneSimulator.ActiveCfg = EdgarLocalDb|Any CPU
		{BE5951ED-FEE7-45F7-AD5A-C0839771F96A}.EdgarLocalDb|Mixed Platforms.ActiveCfg = EdgarLocalDb|Any CPU
		{BE5951ED-FEE7-45F7-AD5A-C0839771F96A}.EdgarLocalDb|x86.ActiveCfg = EdgarLocalDb|Any CPU
		{BE5951ED-FEE7-45F7-AD5A-C0839771F96A}.MiroLocalDb|Android.ActiveCfg = MiroLocalDb|Any CPU
		{BE5951ED-FEE7-45F7-AD5A-C0839771F96A}.MiroLocalDb|Android.Build.0 = MiroLocalDb|Any CPU
		{BE5951ED-FEE7-45F7-AD5A-C0839771F96A}.MiroLocalDb|Any CPU.ActiveCfg = MiroLocalDb|Any CPU
		{BE5951ED-FEE7-45F7-AD5A-C0839771F96A}.MiroLocalDb|ARM.ActiveCfg = MiroLocalDb|Any CPU
		{BE5951ED-FEE7-45F7-AD5A-C0839771F96A}.MiroLocalDb|ARM.Build.0 = MiroLocalDb|Any CPU
		{BE5951ED-FEE7-45F7-AD5A-C0839771F96A}.MiroLocalDb|iPhone.ActiveCfg = MiroLocalDb|Any CPU
		{BE5951ED-FEE7-45F7-AD5A-C0839771F96A}.MiroLocalDb|iPhone.Build.0 = MiroLocalDb|Any CPU
		{BE5951ED-FEE7-45F7-AD5A-C0839771F96A}.MiroLocalDb|iPhoneSimulator.ActiveCfg = MiroLocalDb|Any CPU
		{BE5951ED-FEE7-45F7-AD5A-C0839771F96A}.MiroLocalDb|iPhoneSimulator.Build.0 = MiroLocalDb|Any CPU
		{BE5951ED-FEE7-45F7-AD5A-C0839771F96A}.MiroLocalDb|Mixed Platforms.ActiveCfg = MiroLocalDb|Any CPU
		{BE5951ED-FEE7-45F7-AD5A-C0839771F96A}.MiroLocalDb|Mixed Platforms.Build.0 = MiroLocalDb|Any CPU
		{BE5951ED-FEE7-45F7-AD5A-C0839771F96A}.MiroLocalDb|x86.ActiveCfg = MiroLocalDb|Any CPU
		{BE5951ED-FEE7-45F7-AD5A-C0839771F96A}.MiroLocalDb|x86.Build.0 = MiroLocalDb|Any CPU
		{BE5951ED-FEE7-45F7-AD5A-C0839771F96A}.Release|Android.ActiveCfg = Release|Any CPU
		{BE5951ED-FEE7-45F7-AD5A-C0839771F96A}.Release|Any CPU.ActiveCfg = Release|Any CPU
		{BE5951ED-FEE7-45F7-AD5A-C0839771F96A}.Release|Any CPU.Build.0 = Release|Any CPU
		{BE5951ED-FEE7-45F7-AD5A-C0839771F96A}.Release|ARM.ActiveCfg = Release|Any CPU
		{BE5951ED-FEE7-45F7-AD5A-C0839771F96A}.Release|iPhone.ActiveCfg = Release|Any CPU
		{BE5951ED-FEE7-45F7-AD5A-C0839771F96A}.Release|iPhoneSimulator.ActiveCfg = Release|Any CPU
		{BE5951ED-FEE7-45F7-AD5A-C0839771F96A}.Release|Mixed Platforms.ActiveCfg = Release|Any CPU
		{BE5951ED-FEE7-45F7-AD5A-C0839771F96A}.Release|x86.ActiveCfg = Release|Any CPU
		{3C5D7D90-B147-431C-B9B1-707485A90B1A}.Ad-Hoc|Android.ActiveCfg = Release|Any CPU
		{3C5D7D90-B147-431C-B9B1-707485A90B1A}.Ad-Hoc|Any CPU.ActiveCfg = Release|Any CPU
		{3C5D7D90-B147-431C-B9B1-707485A90B1A}.Ad-Hoc|ARM.ActiveCfg = Release|Any CPU
		{3C5D7D90-B147-431C-B9B1-707485A90B1A}.Ad-Hoc|iPhone.ActiveCfg = Release|Any CPU
		{3C5D7D90-B147-431C-B9B1-707485A90B1A}.Ad-Hoc|iPhoneSimulator.ActiveCfg = Release|Any CPU
		{3C5D7D90-B147-431C-B9B1-707485A90B1A}.Ad-Hoc|Mixed Platforms.ActiveCfg = Release|Any CPU
		{3C5D7D90-B147-431C-B9B1-707485A90B1A}.Ad-Hoc|x86.ActiveCfg = Release|Any CPU
		{3C5D7D90-B147-431C-B9B1-707485A90B1A}.AppStore|Android.ActiveCfg = Release|Any CPU
		{3C5D7D90-B147-431C-B9B1-707485A90B1A}.AppStore|Any CPU.ActiveCfg = Release|Any CPU
		{3C5D7D90-B147-431C-B9B1-707485A90B1A}.AppStore|ARM.ActiveCfg = Release|Any CPU
		{3C5D7D90-B147-431C-B9B1-707485A90B1A}.AppStore|iPhone.ActiveCfg = Release|Any CPU
		{3C5D7D90-B147-431C-B9B1-707485A90B1A}.AppStore|iPhoneSimulator.ActiveCfg = Release|Any CPU
		{3C5D7D90-B147-431C-B9B1-707485A90B1A}.AppStore|Mixed Platforms.ActiveCfg = Release|Any CPU
		{3C5D7D90-B147-431C-B9B1-707485A90B1A}.AppStore|x86.ActiveCfg = Release|Any CPU
		{3C5D7D90-B147-431C-B9B1-707485A90B1A}.Base|Android.ActiveCfg = Base|Any CPU
		{3C5D7D90-B147-431C-B9B1-707485A90B1A}.Base|Android.Build.0 = Base|Any CPU
		{3C5D7D90-B147-431C-B9B1-707485A90B1A}.Base|Any CPU.ActiveCfg = Base|Any CPU
		{3C5D7D90-B147-431C-B9B1-707485A90B1A}.Base|ARM.ActiveCfg = Base|Any CPU
		{3C5D7D90-B147-431C-B9B1-707485A90B1A}.Base|ARM.Build.0 = Base|Any CPU
		{3C5D7D90-B147-431C-B9B1-707485A90B1A}.Base|iPhone.ActiveCfg = Base|Any CPU
		{3C5D7D90-B147-431C-B9B1-707485A90B1A}.Base|iPhone.Build.0 = Base|Any CPU
		{3C5D7D90-B147-431C-B9B1-707485A90B1A}.Base|iPhoneSimulator.ActiveCfg = Base|Any CPU
		{3C5D7D90-B147-431C-B9B1-707485A90B1A}.Base|iPhoneSimulator.Build.0 = Base|Any CPU
		{3C5D7D90-B147-431C-B9B1-707485A90B1A}.Base|Mixed Platforms.ActiveCfg = Base|Any CPU
		{3C5D7D90-B147-431C-B9B1-707485A90B1A}.Base|Mixed Platforms.Build.0 = Base|Any CPU
		{3C5D7D90-B147-431C-B9B1-707485A90B1A}.Base|x86.ActiveCfg = Base|Any CPU
		{3C5D7D90-B147-431C-B9B1-707485A90B1A}.Base|x86.Build.0 = Base|Any CPU
		{3C5D7D90-B147-431C-B9B1-707485A90B1A}.Debug|Android.ActiveCfg = Debug|Any CPU
		{3C5D7D90-B147-431C-B9B1-707485A90B1A}.Debug|Any CPU.ActiveCfg = Debug|Any CPU
		{3C5D7D90-B147-431C-B9B1-707485A90B1A}.Debug|Any CPU.Build.0 = Debug|Any CPU
		{3C5D7D90-B147-431C-B9B1-707485A90B1A}.Debug|Any CPU.Deploy.0 = Debug|Any CPU
		{3C5D7D90-B147-431C-B9B1-707485A90B1A}.Debug|ARM.ActiveCfg = Debug|Any CPU
		{3C5D7D90-B147-431C-B9B1-707485A90B1A}.Debug|iPhone.ActiveCfg = Debug|Any CPU
		{3C5D7D90-B147-431C-B9B1-707485A90B1A}.Debug|iPhoneSimulator.ActiveCfg = Debug|Any CPU
		{3C5D7D90-B147-431C-B9B1-707485A90B1A}.Debug|Mixed Platforms.ActiveCfg = Debug|Any CPU
		{3C5D7D90-B147-431C-B9B1-707485A90B1A}.Debug|x86.ActiveCfg = Debug|Any CPU
		{3C5D7D90-B147-431C-B9B1-707485A90B1A}.DomLocalDb|Android.ActiveCfg = DomLocalDb|Any CPU
		{3C5D7D90-B147-431C-B9B1-707485A90B1A}.DomLocalDb|Android.Build.0 = DomLocalDb|Any CPU
		{3C5D7D90-B147-431C-B9B1-707485A90B1A}.DomLocalDb|Any CPU.ActiveCfg = DomLocalDb|Any CPU
		{3C5D7D90-B147-431C-B9B1-707485A90B1A}.DomLocalDb|Any CPU.Build.0 = DomLocalDb|Any CPU
		{3C5D7D90-B147-431C-B9B1-707485A90B1A}.DomLocalDb|ARM.ActiveCfg = DomLocalDb|Any CPU
		{3C5D7D90-B147-431C-B9B1-707485A90B1A}.DomLocalDb|ARM.Build.0 = DomLocalDb|Any CPU
		{3C5D7D90-B147-431C-B9B1-707485A90B1A}.DomLocalDb|iPhone.ActiveCfg = DomLocalDb|Any CPU
		{3C5D7D90-B147-431C-B9B1-707485A90B1A}.DomLocalDb|iPhone.Build.0 = DomLocalDb|Any CPU
		{3C5D7D90-B147-431C-B9B1-707485A90B1A}.DomLocalDb|iPhoneSimulator.ActiveCfg = DomLocalDb|Any CPU
		{3C5D7D90-B147-431C-B9B1-707485A90B1A}.DomLocalDb|iPhoneSimulator.Build.0 = DomLocalDb|Any CPU
		{3C5D7D90-B147-431C-B9B1-707485A90B1A}.DomLocalDb|Mixed Platforms.ActiveCfg = DomLocalDb|Any CPU
		{3C5D7D90-B147-431C-B9B1-707485A90B1A}.DomLocalDb|Mixed Platforms.Build.0 = DomLocalDb|Any CPU
		{3C5D7D90-B147-431C-B9B1-707485A90B1A}.DomLocalDb|x86.ActiveCfg = DomLocalDb|Any CPU
		{3C5D7D90-B147-431C-B9B1-707485A90B1A}.DomLocalDb|x86.Build.0 = DomLocalDb|Any CPU
		{3C5D7D90-B147-431C-B9B1-707485A90B1A}.EdgarLocalDb|Android.ActiveCfg = EdgarLocalDb|Any CPU
		{3C5D7D90-B147-431C-B9B1-707485A90B1A}.EdgarLocalDb|Android.Build.0 = EdgarLocalDb|Any CPU
		{3C5D7D90-B147-431C-B9B1-707485A90B1A}.EdgarLocalDb|Any CPU.ActiveCfg = EdgarLocalDb|Any CPU
		{3C5D7D90-B147-431C-B9B1-707485A90B1A}.EdgarLocalDb|Any CPU.Build.0 = EdgarLocalDb|Any CPU
		{3C5D7D90-B147-431C-B9B1-707485A90B1A}.EdgarLocalDb|ARM.ActiveCfg = EdgarLocalDb|Any CPU
		{3C5D7D90-B147-431C-B9B1-707485A90B1A}.EdgarLocalDb|iPhone.ActiveCfg = EdgarLocalDb|Any CPU
		{3C5D7D90-B147-431C-B9B1-707485A90B1A}.EdgarLocalDb|iPhoneSimulator.ActiveCfg = EdgarLocalDb|Any CPU
		{3C5D7D90-B147-431C-B9B1-707485A90B1A}.EdgarLocalDb|Mixed Platforms.ActiveCfg = EdgarLocalDb|Any CPU
		{3C5D7D90-B147-431C-B9B1-707485A90B1A}.EdgarLocalDb|x86.ActiveCfg = EdgarLocalDb|Any CPU
		{3C5D7D90-B147-431C-B9B1-707485A90B1A}.MiroLocalDb|Android.ActiveCfg = MiroLocalDb|Any CPU
		{3C5D7D90-B147-431C-B9B1-707485A90B1A}.MiroLocalDb|Android.Build.0 = MiroLocalDb|Any CPU
		{3C5D7D90-B147-431C-B9B1-707485A90B1A}.MiroLocalDb|Any CPU.ActiveCfg = MiroLocalDb|Any CPU
		{3C5D7D90-B147-431C-B9B1-707485A90B1A}.MiroLocalDb|ARM.ActiveCfg = MiroLocalDb|Any CPU
		{3C5D7D90-B147-431C-B9B1-707485A90B1A}.MiroLocalDb|ARM.Build.0 = MiroLocalDb|Any CPU
		{3C5D7D90-B147-431C-B9B1-707485A90B1A}.MiroLocalDb|iPhone.ActiveCfg = MiroLocalDb|Any CPU
		{3C5D7D90-B147-431C-B9B1-707485A90B1A}.MiroLocalDb|iPhone.Build.0 = MiroLocalDb|Any CPU
		{3C5D7D90-B147-431C-B9B1-707485A90B1A}.MiroLocalDb|iPhoneSimulator.ActiveCfg = MiroLocalDb|Any CPU
		{3C5D7D90-B147-431C-B9B1-707485A90B1A}.MiroLocalDb|iPhoneSimulator.Build.0 = MiroLocalDb|Any CPU
		{3C5D7D90-B147-431C-B9B1-707485A90B1A}.MiroLocalDb|Mixed Platforms.ActiveCfg = MiroLocalDb|Any CPU
		{3C5D7D90-B147-431C-B9B1-707485A90B1A}.MiroLocalDb|Mixed Platforms.Build.0 = MiroLocalDb|Any CPU
		{3C5D7D90-B147-431C-B9B1-707485A90B1A}.MiroLocalDb|x86.ActiveCfg = MiroLocalDb|Any CPU
		{3C5D7D90-B147-431C-B9B1-707485A90B1A}.MiroLocalDb|x86.Build.0 = MiroLocalDb|Any CPU
		{3C5D7D90-B147-431C-B9B1-707485A90B1A}.Release|Android.ActiveCfg = Release|Any CPU
		{3C5D7D90-B147-431C-B9B1-707485A90B1A}.Release|Any CPU.ActiveCfg = Release|Any CPU
		{3C5D7D90-B147-431C-B9B1-707485A90B1A}.Release|Any CPU.Build.0 = Release|Any CPU
		{3C5D7D90-B147-431C-B9B1-707485A90B1A}.Release|ARM.ActiveCfg = Release|Any CPU
		{3C5D7D90-B147-431C-B9B1-707485A90B1A}.Release|iPhone.ActiveCfg = Release|Any CPU
		{3C5D7D90-B147-431C-B9B1-707485A90B1A}.Release|iPhoneSimulator.ActiveCfg = Release|Any CPU
		{3C5D7D90-B147-431C-B9B1-707485A90B1A}.Release|Mixed Platforms.ActiveCfg = Release|Any CPU
		{3C5D7D90-B147-431C-B9B1-707485A90B1A}.Release|x86.ActiveCfg = Release|Any CPU
		{6694650E-7566-47CE-BEB3-A5F449864225}.Ad-Hoc|Android.ActiveCfg = Release|Any CPU
		{6694650E-7566-47CE-BEB3-A5F449864225}.Ad-Hoc|Any CPU.ActiveCfg = Release|Any CPU
		{6694650E-7566-47CE-BEB3-A5F449864225}.Ad-Hoc|ARM.ActiveCfg = Release|Any CPU
		{6694650E-7566-47CE-BEB3-A5F449864225}.Ad-Hoc|iPhone.ActiveCfg = Release|Any CPU
		{6694650E-7566-47CE-BEB3-A5F449864225}.Ad-Hoc|iPhoneSimulator.ActiveCfg = Release|Any CPU
		{6694650E-7566-47CE-BEB3-A5F449864225}.Ad-Hoc|Mixed Platforms.ActiveCfg = Release|Any CPU
		{6694650E-7566-47CE-BEB3-A5F449864225}.Ad-Hoc|x86.ActiveCfg = Release|Any CPU
		{6694650E-7566-47CE-BEB3-A5F449864225}.AppStore|Android.ActiveCfg = Release|Any CPU
		{6694650E-7566-47CE-BEB3-A5F449864225}.AppStore|Any CPU.ActiveCfg = Release|Any CPU
		{6694650E-7566-47CE-BEB3-A5F449864225}.AppStore|ARM.ActiveCfg = Release|Any CPU
		{6694650E-7566-47CE-BEB3-A5F449864225}.AppStore|iPhone.ActiveCfg = Release|Any CPU
		{6694650E-7566-47CE-BEB3-A5F449864225}.AppStore|iPhoneSimulator.ActiveCfg = Release|Any CPU
		{6694650E-7566-47CE-BEB3-A5F449864225}.AppStore|Mixed Platforms.ActiveCfg = Release|Any CPU
		{6694650E-7566-47CE-BEB3-A5F449864225}.AppStore|x86.ActiveCfg = Release|Any CPU
		{6694650E-7566-47CE-BEB3-A5F449864225}.Base|Android.ActiveCfg = Base|Any CPU
		{6694650E-7566-47CE-BEB3-A5F449864225}.Base|Android.Build.0 = Base|Any CPU
		{6694650E-7566-47CE-BEB3-A5F449864225}.Base|Any CPU.ActiveCfg = Base|Any CPU
		{6694650E-7566-47CE-BEB3-A5F449864225}.Base|ARM.ActiveCfg = Base|Any CPU
		{6694650E-7566-47CE-BEB3-A5F449864225}.Base|ARM.Build.0 = Base|Any CPU
		{6694650E-7566-47CE-BEB3-A5F449864225}.Base|iPhone.ActiveCfg = Base|Any CPU
		{6694650E-7566-47CE-BEB3-A5F449864225}.Base|iPhone.Build.0 = Base|Any CPU
		{6694650E-7566-47CE-BEB3-A5F449864225}.Base|iPhoneSimulator.ActiveCfg = Base|Any CPU
		{6694650E-7566-47CE-BEB3-A5F449864225}.Base|iPhoneSimulator.Build.0 = Base|Any CPU
		{6694650E-7566-47CE-BEB3-A5F449864225}.Base|Mixed Platforms.ActiveCfg = Base|Any CPU
		{6694650E-7566-47CE-BEB3-A5F449864225}.Base|Mixed Platforms.Build.0 = Base|Any CPU
		{6694650E-7566-47CE-BEB3-A5F449864225}.Base|x86.ActiveCfg = Base|Any CPU
		{6694650E-7566-47CE-BEB3-A5F449864225}.Base|x86.Build.0 = Base|Any CPU
		{6694650E-7566-47CE-BEB3-A5F449864225}.Debug|Android.ActiveCfg = Debug|Any CPU
		{6694650E-7566-47CE-BEB3-A5F449864225}.Debug|Any CPU.ActiveCfg = Debug|Any CPU
		{6694650E-7566-47CE-BEB3-A5F449864225}.Debug|Any CPU.Build.0 = Debug|Any CPU
		{6694650E-7566-47CE-BEB3-A5F449864225}.Debug|Any CPU.Deploy.0 = Debug|Any CPU
		{6694650E-7566-47CE-BEB3-A5F449864225}.Debug|ARM.ActiveCfg = Debug|Any CPU
		{6694650E-7566-47CE-BEB3-A5F449864225}.Debug|iPhone.ActiveCfg = Debug|Any CPU
		{6694650E-7566-47CE-BEB3-A5F449864225}.Debug|iPhoneSimulator.ActiveCfg = Debug|Any CPU
		{6694650E-7566-47CE-BEB3-A5F449864225}.Debug|Mixed Platforms.ActiveCfg = Debug|Any CPU
		{6694650E-7566-47CE-BEB3-A5F449864225}.Debug|x86.ActiveCfg = Debug|Any CPU
		{6694650E-7566-47CE-BEB3-A5F449864225}.DomLocalDb|Android.ActiveCfg = DomLocalDb|Any CPU
		{6694650E-7566-47CE-BEB3-A5F449864225}.DomLocalDb|Android.Build.0 = DomLocalDb|Any CPU
		{6694650E-7566-47CE-BEB3-A5F449864225}.DomLocalDb|Any CPU.ActiveCfg = DomLocalDb|Any CPU
		{6694650E-7566-47CE-BEB3-A5F449864225}.DomLocalDb|Any CPU.Build.0 = DomLocalDb|Any CPU
		{6694650E-7566-47CE-BEB3-A5F449864225}.DomLocalDb|ARM.ActiveCfg = DomLocalDb|Any CPU
		{6694650E-7566-47CE-BEB3-A5F449864225}.DomLocalDb|ARM.Build.0 = DomLocalDb|Any CPU
		{6694650E-7566-47CE-BEB3-A5F449864225}.DomLocalDb|iPhone.ActiveCfg = DomLocalDb|Any CPU
		{6694650E-7566-47CE-BEB3-A5F449864225}.DomLocalDb|iPhone.Build.0 = DomLocalDb|Any CPU
		{6694650E-7566-47CE-BEB3-A5F449864225}.DomLocalDb|iPhoneSimulator.ActiveCfg = DomLocalDb|Any CPU
		{6694650E-7566-47CE-BEB3-A5F449864225}.DomLocalDb|iPhoneSimulator.Build.0 = DomLocalDb|Any CPU
		{6694650E-7566-47CE-BEB3-A5F449864225}.DomLocalDb|Mixed Platforms.ActiveCfg = DomLocalDb|Any CPU
		{6694650E-7566-47CE-BEB3-A5F449864225}.DomLocalDb|Mixed Platforms.Build.0 = DomLocalDb|Any CPU
		{6694650E-7566-47CE-BEB3-A5F449864225}.DomLocalDb|x86.ActiveCfg = DomLocalDb|Any CPU
		{6694650E-7566-47CE-BEB3-A5F449864225}.DomLocalDb|x86.Build.0 = DomLocalDb|Any CPU
		{6694650E-7566-47CE-BEB3-A5F449864225}.EdgarLocalDb|Android.ActiveCfg = EdgarLocalDb|Any CPU
		{6694650E-7566-47CE-BEB3-A5F449864225}.EdgarLocalDb|Android.Build.0 = EdgarLocalDb|Any CPU
		{6694650E-7566-47CE-BEB3-A5F449864225}.EdgarLocalDb|Any CPU.ActiveCfg = EdgarLocalDb|Any CPU
		{6694650E-7566-47CE-BEB3-A5F449864225}.EdgarLocalDb|Any CPU.Build.0 = EdgarLocalDb|Any CPU
		{6694650E-7566-47CE-BEB3-A5F449864225}.EdgarLocalDb|ARM.ActiveCfg = EdgarLocalDb|Any CPU
		{6694650E-7566-47CE-BEB3-A5F449864225}.EdgarLocalDb|iPhone.ActiveCfg = EdgarLocalDb|Any CPU
		{6694650E-7566-47CE-BEB3-A5F449864225}.EdgarLocalDb|iPhoneSimulator.ActiveCfg = EdgarLocalDb|Any CPU
		{6694650E-7566-47CE-BEB3-A5F449864225}.EdgarLocalDb|Mixed Platforms.ActiveCfg = EdgarLocalDb|Any CPU
		{6694650E-7566-47CE-BEB3-A5F449864225}.EdgarLocalDb|x86.ActiveCfg = EdgarLocalDb|Any CPU
		{6694650E-7566-47CE-BEB3-A5F449864225}.MiroLocalDb|Android.ActiveCfg = MiroLocalDb|Any CPU
		{6694650E-7566-47CE-BEB3-A5F449864225}.MiroLocalDb|Android.Build.0 = MiroLocalDb|Any CPU
		{6694650E-7566-47CE-BEB3-A5F449864225}.MiroLocalDb|Any CPU.ActiveCfg = MiroLocalDb|Any CPU
		{6694650E-7566-47CE-BEB3-A5F449864225}.MiroLocalDb|ARM.ActiveCfg = MiroLocalDb|Any CPU
		{6694650E-7566-47CE-BEB3-A5F449864225}.MiroLocalDb|ARM.Build.0 = MiroLocalDb|Any CPU
		{6694650E-7566-47CE-BEB3-A5F449864225}.MiroLocalDb|iPhone.ActiveCfg = MiroLocalDb|Any CPU
		{6694650E-7566-47CE-BEB3-A5F449864225}.MiroLocalDb|iPhone.Build.0 = MiroLocalDb|Any CPU
		{6694650E-7566-47CE-BEB3-A5F449864225}.MiroLocalDb|iPhoneSimulator.ActiveCfg = MiroLocalDb|Any CPU
		{6694650E-7566-47CE-BEB3-A5F449864225}.MiroLocalDb|iPhoneSimulator.Build.0 = MiroLocalDb|Any CPU
		{6694650E-7566-47CE-BEB3-A5F449864225}.MiroLocalDb|Mixed Platforms.ActiveCfg = MiroLocalDb|Any CPU
		{6694650E-7566-47CE-BEB3-A5F449864225}.MiroLocalDb|Mixed Platforms.Build.0 = MiroLocalDb|Any CPU
		{6694650E-7566-47CE-BEB3-A5F449864225}.MiroLocalDb|x86.ActiveCfg = MiroLocalDb|Any CPU
		{6694650E-7566-47CE-BEB3-A5F449864225}.MiroLocalDb|x86.Build.0 = MiroLocalDb|Any CPU
		{6694650E-7566-47CE-BEB3-A5F449864225}.Release|Android.ActiveCfg = Release|Any CPU
		{6694650E-7566-47CE-BEB3-A5F449864225}.Release|Any CPU.ActiveCfg = Release|Any CPU
		{6694650E-7566-47CE-BEB3-A5F449864225}.Release|Any CPU.Build.0 = Release|Any CPU
		{6694650E-7566-47CE-BEB3-A5F449864225}.Release|ARM.ActiveCfg = Release|Any CPU
		{6694650E-7566-47CE-BEB3-A5F449864225}.Release|iPhone.ActiveCfg = Release|Any CPU
		{6694650E-7566-47CE-BEB3-A5F449864225}.Release|iPhoneSimulator.ActiveCfg = Release|Any CPU
		{6694650E-7566-47CE-BEB3-A5F449864225}.Release|Mixed Platforms.ActiveCfg = Release|Any CPU
		{6694650E-7566-47CE-BEB3-A5F449864225}.Release|x86.ActiveCfg = Release|Any CPU
		{00747D0B-B0EC-4A9B-B003-C67659A80FC9}.Ad-Hoc|Android.ActiveCfg = Release|Any CPU
		{00747D0B-B0EC-4A9B-B003-C67659A80FC9}.Ad-Hoc|Any CPU.ActiveCfg = Release|Any CPU
		{00747D0B-B0EC-4A9B-B003-C67659A80FC9}.Ad-Hoc|ARM.ActiveCfg = Release|Any CPU
		{00747D0B-B0EC-4A9B-B003-C67659A80FC9}.Ad-Hoc|iPhone.ActiveCfg = Release|Any CPU
		{00747D0B-B0EC-4A9B-B003-C67659A80FC9}.Ad-Hoc|iPhoneSimulator.ActiveCfg = Release|Any CPU
		{00747D0B-B0EC-4A9B-B003-C67659A80FC9}.Ad-Hoc|Mixed Platforms.ActiveCfg = Release|Any CPU
		{00747D0B-B0EC-4A9B-B003-C67659A80FC9}.Ad-Hoc|x86.ActiveCfg = Release|Any CPU
		{00747D0B-B0EC-4A9B-B003-C67659A80FC9}.AppStore|Android.ActiveCfg = Release|Any CPU
		{00747D0B-B0EC-4A9B-B003-C67659A80FC9}.AppStore|Any CPU.ActiveCfg = Release|Any CPU
		{00747D0B-B0EC-4A9B-B003-C67659A80FC9}.AppStore|ARM.ActiveCfg = Release|Any CPU
		{00747D0B-B0EC-4A9B-B003-C67659A80FC9}.AppStore|iPhone.ActiveCfg = Release|Any CPU
		{00747D0B-B0EC-4A9B-B003-C67659A80FC9}.AppStore|iPhoneSimulator.ActiveCfg = Release|Any CPU
		{00747D0B-B0EC-4A9B-B003-C67659A80FC9}.AppStore|Mixed Platforms.ActiveCfg = Release|Any CPU
		{00747D0B-B0EC-4A9B-B003-C67659A80FC9}.AppStore|x86.ActiveCfg = Release|Any CPU
		{00747D0B-B0EC-4A9B-B003-C67659A80FC9}.Base|Android.ActiveCfg = Base|Any CPU
		{00747D0B-B0EC-4A9B-B003-C67659A80FC9}.Base|Android.Build.0 = Base|Any CPU
		{00747D0B-B0EC-4A9B-B003-C67659A80FC9}.Base|Any CPU.ActiveCfg = Base|Any CPU
		{00747D0B-B0EC-4A9B-B003-C67659A80FC9}.Base|ARM.ActiveCfg = Base|Any CPU
		{00747D0B-B0EC-4A9B-B003-C67659A80FC9}.Base|ARM.Build.0 = Base|Any CPU
		{00747D0B-B0EC-4A9B-B003-C67659A80FC9}.Base|iPhone.ActiveCfg = Base|Any CPU
		{00747D0B-B0EC-4A9B-B003-C67659A80FC9}.Base|iPhone.Build.0 = Base|Any CPU
		{00747D0B-B0EC-4A9B-B003-C67659A80FC9}.Base|iPhoneSimulator.ActiveCfg = Base|Any CPU
		{00747D0B-B0EC-4A9B-B003-C67659A80FC9}.Base|iPhoneSimulator.Build.0 = Base|Any CPU
		{00747D0B-B0EC-4A9B-B003-C67659A80FC9}.Base|Mixed Platforms.ActiveCfg = Base|Any CPU
		{00747D0B-B0EC-4A9B-B003-C67659A80FC9}.Base|Mixed Platforms.Build.0 = Base|Any CPU
		{00747D0B-B0EC-4A9B-B003-C67659A80FC9}.Base|x86.ActiveCfg = Base|Any CPU
		{00747D0B-B0EC-4A9B-B003-C67659A80FC9}.Base|x86.Build.0 = Base|Any CPU
		{00747D0B-B0EC-4A9B-B003-C67659A80FC9}.Debug|Android.ActiveCfg = Debug|Any CPU
		{00747D0B-B0EC-4A9B-B003-C67659A80FC9}.Debug|Any CPU.ActiveCfg = Debug|Any CPU
		{00747D0B-B0EC-4A9B-B003-C67659A80FC9}.Debug|Any CPU.Build.0 = Debug|Any CPU
		{00747D0B-B0EC-4A9B-B003-C67659A80FC9}.Debug|ARM.ActiveCfg = Debug|Any CPU
		{00747D0B-B0EC-4A9B-B003-C67659A80FC9}.Debug|iPhone.ActiveCfg = Debug|Any CPU
		{00747D0B-B0EC-4A9B-B003-C67659A80FC9}.Debug|iPhoneSimulator.ActiveCfg = Debug|Any CPU
		{00747D0B-B0EC-4A9B-B003-C67659A80FC9}.Debug|Mixed Platforms.ActiveCfg = Debug|Any CPU
		{00747D0B-B0EC-4A9B-B003-C67659A80FC9}.Debug|x86.ActiveCfg = Debug|Any CPU
		{00747D0B-B0EC-4A9B-B003-C67659A80FC9}.DomLocalDb|Android.ActiveCfg = DomLocalDb|Any CPU
		{00747D0B-B0EC-4A9B-B003-C67659A80FC9}.DomLocalDb|Android.Build.0 = DomLocalDb|Any CPU
		{00747D0B-B0EC-4A9B-B003-C67659A80FC9}.DomLocalDb|Any CPU.ActiveCfg = DomLocalDb|Any CPU
		{00747D0B-B0EC-4A9B-B003-C67659A80FC9}.DomLocalDb|Any CPU.Build.0 = DomLocalDb|Any CPU
		{00747D0B-B0EC-4A9B-B003-C67659A80FC9}.DomLocalDb|ARM.ActiveCfg = DomLocalDb|Any CPU
		{00747D0B-B0EC-4A9B-B003-C67659A80FC9}.DomLocalDb|ARM.Build.0 = DomLocalDb|Any CPU
		{00747D0B-B0EC-4A9B-B003-C67659A80FC9}.DomLocalDb|iPhone.ActiveCfg = DomLocalDb|Any CPU
		{00747D0B-B0EC-4A9B-B003-C67659A80FC9}.DomLocalDb|iPhone.Build.0 = DomLocalDb|Any CPU
		{00747D0B-B0EC-4A9B-B003-C67659A80FC9}.DomLocalDb|iPhoneSimulator.ActiveCfg = DomLocalDb|Any CPU
		{00747D0B-B0EC-4A9B-B003-C67659A80FC9}.DomLocalDb|iPhoneSimulator.Build.0 = DomLocalDb|Any CPU
		{00747D0B-B0EC-4A9B-B003-C67659A80FC9}.DomLocalDb|Mixed Platforms.ActiveCfg = DomLocalDb|Any CPU
		{00747D0B-B0EC-4A9B-B003-C67659A80FC9}.DomLocalDb|Mixed Platforms.Build.0 = DomLocalDb|Any CPU
		{00747D0B-B0EC-4A9B-B003-C67659A80FC9}.DomLocalDb|x86.ActiveCfg = DomLocalDb|Any CPU
		{00747D0B-B0EC-4A9B-B003-C67659A80FC9}.DomLocalDb|x86.Build.0 = DomLocalDb|Any CPU
		{00747D0B-B0EC-4A9B-B003-C67659A80FC9}.EdgarLocalDb|Android.ActiveCfg = EdgarLocalDb|Any CPU
		{00747D0B-B0EC-4A9B-B003-C67659A80FC9}.EdgarLocalDb|Android.Build.0 = EdgarLocalDb|Any CPU
		{00747D0B-B0EC-4A9B-B003-C67659A80FC9}.EdgarLocalDb|Any CPU.ActiveCfg = EdgarLocalDb|Any CPU
		{00747D0B-B0EC-4A9B-B003-C67659A80FC9}.EdgarLocalDb|Any CPU.Build.0 = EdgarLocalDb|Any CPU
		{00747D0B-B0EC-4A9B-B003-C67659A80FC9}.EdgarLocalDb|Any CPU.Deploy.0 = EdgarLocalDb|Any CPU
		{00747D0B-B0EC-4A9B-B003-C67659A80FC9}.EdgarLocalDb|ARM.ActiveCfg = EdgarLocalDb|Any CPU
		{00747D0B-B0EC-4A9B-B003-C67659A80FC9}.EdgarLocalDb|iPhone.ActiveCfg = EdgarLocalDb|Any CPU
		{00747D0B-B0EC-4A9B-B003-C67659A80FC9}.EdgarLocalDb|iPhoneSimulator.ActiveCfg = EdgarLocalDb|Any CPU
		{00747D0B-B0EC-4A9B-B003-C67659A80FC9}.EdgarLocalDb|Mixed Platforms.ActiveCfg = EdgarLocalDb|Any CPU
		{00747D0B-B0EC-4A9B-B003-C67659A80FC9}.EdgarLocalDb|x86.ActiveCfg = EdgarLocalDb|Any CPU
		{00747D0B-B0EC-4A9B-B003-C67659A80FC9}.MiroLocalDb|Android.ActiveCfg = MiroLocalDb|Any CPU
		{00747D0B-B0EC-4A9B-B003-C67659A80FC9}.MiroLocalDb|Android.Build.0 = MiroLocalDb|Any CPU
		{00747D0B-B0EC-4A9B-B003-C67659A80FC9}.MiroLocalDb|Any CPU.ActiveCfg = MiroLocalDb|Any CPU
		{00747D0B-B0EC-4A9B-B003-C67659A80FC9}.MiroLocalDb|ARM.ActiveCfg = MiroLocalDb|Any CPU
		{00747D0B-B0EC-4A9B-B003-C67659A80FC9}.MiroLocalDb|ARM.Build.0 = MiroLocalDb|Any CPU
		{00747D0B-B0EC-4A9B-B003-C67659A80FC9}.MiroLocalDb|iPhone.ActiveCfg = MiroLocalDb|Any CPU
		{00747D0B-B0EC-4A9B-B003-C67659A80FC9}.MiroLocalDb|iPhone.Build.0 = MiroLocalDb|Any CPU
		{00747D0B-B0EC-4A9B-B003-C67659A80FC9}.MiroLocalDb|iPhoneSimulator.ActiveCfg = MiroLocalDb|Any CPU
		{00747D0B-B0EC-4A9B-B003-C67659A80FC9}.MiroLocalDb|iPhoneSimulator.Build.0 = MiroLocalDb|Any CPU
		{00747D0B-B0EC-4A9B-B003-C67659A80FC9}.MiroLocalDb|Mixed Platforms.ActiveCfg = MiroLocalDb|Any CPU
		{00747D0B-B0EC-4A9B-B003-C67659A80FC9}.MiroLocalDb|Mixed Platforms.Build.0 = MiroLocalDb|Any CPU
		{00747D0B-B0EC-4A9B-B003-C67659A80FC9}.MiroLocalDb|x86.ActiveCfg = MiroLocalDb|Any CPU
		{00747D0B-B0EC-4A9B-B003-C67659A80FC9}.MiroLocalDb|x86.Build.0 = MiroLocalDb|Any CPU
		{00747D0B-B0EC-4A9B-B003-C67659A80FC9}.Release|Android.ActiveCfg = Release|Any CPU
		{00747D0B-B0EC-4A9B-B003-C67659A80FC9}.Release|Any CPU.ActiveCfg = Release|Any CPU
		{00747D0B-B0EC-4A9B-B003-C67659A80FC9}.Release|Any CPU.Build.0 = Release|Any CPU
		{00747D0B-B0EC-4A9B-B003-C67659A80FC9}.Release|ARM.ActiveCfg = Release|Any CPU
		{00747D0B-B0EC-4A9B-B003-C67659A80FC9}.Release|iPhone.ActiveCfg = Release|Any CPU
		{00747D0B-B0EC-4A9B-B003-C67659A80FC9}.Release|iPhoneSimulator.ActiveCfg = Release|Any CPU
		{00747D0B-B0EC-4A9B-B003-C67659A80FC9}.Release|Mixed Platforms.ActiveCfg = Release|Any CPU
		{00747D0B-B0EC-4A9B-B003-C67659A80FC9}.Release|x86.ActiveCfg = Release|Any CPU
		{DA2CE722-219D-4602-8D6B-0D01DBAA1296}.Ad-Hoc|Android.ActiveCfg = Release|Any CPU
		{DA2CE722-219D-4602-8D6B-0D01DBAA1296}.Ad-Hoc|Android.Build.0 = Release|Any CPU
		{DA2CE722-219D-4602-8D6B-0D01DBAA1296}.Ad-Hoc|Any CPU.ActiveCfg = Release|Any CPU
		{DA2CE722-219D-4602-8D6B-0D01DBAA1296}.Ad-Hoc|Any CPU.Build.0 = Release|Any CPU
		{DA2CE722-219D-4602-8D6B-0D01DBAA1296}.Ad-Hoc|ARM.ActiveCfg = Release|Any CPU
		{DA2CE722-219D-4602-8D6B-0D01DBAA1296}.Ad-Hoc|ARM.Build.0 = Release|Any CPU
		{DA2CE722-219D-4602-8D6B-0D01DBAA1296}.Ad-Hoc|iPhone.ActiveCfg = Release|Any CPU
		{DA2CE722-219D-4602-8D6B-0D01DBAA1296}.Ad-Hoc|iPhone.Build.0 = Release|Any CPU
		{DA2CE722-219D-4602-8D6B-0D01DBAA1296}.Ad-Hoc|iPhoneSimulator.ActiveCfg = Release|Any CPU
		{DA2CE722-219D-4602-8D6B-0D01DBAA1296}.Ad-Hoc|iPhoneSimulator.Build.0 = Release|Any CPU
		{DA2CE722-219D-4602-8D6B-0D01DBAA1296}.Ad-Hoc|Mixed Platforms.ActiveCfg = Release|Any CPU
		{DA2CE722-219D-4602-8D6B-0D01DBAA1296}.Ad-Hoc|Mixed Platforms.Build.0 = Release|Any CPU
		{DA2CE722-219D-4602-8D6B-0D01DBAA1296}.Ad-Hoc|x86.ActiveCfg = Release|Any CPU
		{DA2CE722-219D-4602-8D6B-0D01DBAA1296}.Ad-Hoc|x86.Build.0 = Release|Any CPU
		{DA2CE722-219D-4602-8D6B-0D01DBAA1296}.AppStore|Android.ActiveCfg = Release|Any CPU
		{DA2CE722-219D-4602-8D6B-0D01DBAA1296}.AppStore|Android.Build.0 = Release|Any CPU
		{DA2CE722-219D-4602-8D6B-0D01DBAA1296}.AppStore|Any CPU.ActiveCfg = Release|Any CPU
		{DA2CE722-219D-4602-8D6B-0D01DBAA1296}.AppStore|Any CPU.Build.0 = Release|Any CPU
		{DA2CE722-219D-4602-8D6B-0D01DBAA1296}.AppStore|ARM.ActiveCfg = Release|Any CPU
		{DA2CE722-219D-4602-8D6B-0D01DBAA1296}.AppStore|ARM.Build.0 = Release|Any CPU
		{DA2CE722-219D-4602-8D6B-0D01DBAA1296}.AppStore|iPhone.ActiveCfg = Release|Any CPU
		{DA2CE722-219D-4602-8D6B-0D01DBAA1296}.AppStore|iPhone.Build.0 = Release|Any CPU
		{DA2CE722-219D-4602-8D6B-0D01DBAA1296}.AppStore|iPhoneSimulator.ActiveCfg = Release|Any CPU
		{DA2CE722-219D-4602-8D6B-0D01DBAA1296}.AppStore|iPhoneSimulator.Build.0 = Release|Any CPU
		{DA2CE722-219D-4602-8D6B-0D01DBAA1296}.AppStore|Mixed Platforms.ActiveCfg = Release|Any CPU
		{DA2CE722-219D-4602-8D6B-0D01DBAA1296}.AppStore|Mixed Platforms.Build.0 = Release|Any CPU
		{DA2CE722-219D-4602-8D6B-0D01DBAA1296}.AppStore|x86.ActiveCfg = Release|Any CPU
		{DA2CE722-219D-4602-8D6B-0D01DBAA1296}.AppStore|x86.Build.0 = Release|Any CPU
		{DA2CE722-219D-4602-8D6B-0D01DBAA1296}.Base|Android.ActiveCfg = Release|Any CPU
		{DA2CE722-219D-4602-8D6B-0D01DBAA1296}.Base|Android.Build.0 = Release|Any CPU
		{DA2CE722-219D-4602-8D6B-0D01DBAA1296}.Base|Any CPU.ActiveCfg = Release|Any CPU
		{DA2CE722-219D-4602-8D6B-0D01DBAA1296}.Base|Any CPU.Build.0 = Release|Any CPU
		{DA2CE722-219D-4602-8D6B-0D01DBAA1296}.Base|ARM.ActiveCfg = Release|Any CPU
		{DA2CE722-219D-4602-8D6B-0D01DBAA1296}.Base|ARM.Build.0 = Release|Any CPU
		{DA2CE722-219D-4602-8D6B-0D01DBAA1296}.Base|iPhone.ActiveCfg = Release|Any CPU
		{DA2CE722-219D-4602-8D6B-0D01DBAA1296}.Base|iPhone.Build.0 = Release|Any CPU
		{DA2CE722-219D-4602-8D6B-0D01DBAA1296}.Base|iPhoneSimulator.ActiveCfg = Release|Any CPU
		{DA2CE722-219D-4602-8D6B-0D01DBAA1296}.Base|iPhoneSimulator.Build.0 = Release|Any CPU
		{DA2CE722-219D-4602-8D6B-0D01DBAA1296}.Base|Mixed Platforms.ActiveCfg = Release|Any CPU
		{DA2CE722-219D-4602-8D6B-0D01DBAA1296}.Base|Mixed Platforms.Build.0 = Release|Any CPU
		{DA2CE722-219D-4602-8D6B-0D01DBAA1296}.Base|x86.ActiveCfg = Release|Any CPU
		{DA2CE722-219D-4602-8D6B-0D01DBAA1296}.Base|x86.Build.0 = Release|Any CPU
		{DA2CE722-219D-4602-8D6B-0D01DBAA1296}.Debug|Android.ActiveCfg = Debug|Any CPU
		{DA2CE722-219D-4602-8D6B-0D01DBAA1296}.Debug|Android.Build.0 = Debug|Any CPU
		{DA2CE722-219D-4602-8D6B-0D01DBAA1296}.Debug|Any CPU.ActiveCfg = Debug|Any CPU
		{DA2CE722-219D-4602-8D6B-0D01DBAA1296}.Debug|Any CPU.Build.0 = Debug|Any CPU
		{DA2CE722-219D-4602-8D6B-0D01DBAA1296}.Debug|ARM.ActiveCfg = Debug|Any CPU
		{DA2CE722-219D-4602-8D6B-0D01DBAA1296}.Debug|ARM.Build.0 = Debug|Any CPU
		{DA2CE722-219D-4602-8D6B-0D01DBAA1296}.Debug|iPhone.ActiveCfg = Debug|Any CPU
		{DA2CE722-219D-4602-8D6B-0D01DBAA1296}.Debug|iPhone.Build.0 = Debug|Any CPU
		{DA2CE722-219D-4602-8D6B-0D01DBAA1296}.Debug|iPhoneSimulator.ActiveCfg = Debug|Any CPU
		{DA2CE722-219D-4602-8D6B-0D01DBAA1296}.Debug|iPhoneSimulator.Build.0 = Debug|Any CPU
		{DA2CE722-219D-4602-8D6B-0D01DBAA1296}.Debug|Mixed Platforms.ActiveCfg = Debug|Any CPU
		{DA2CE722-219D-4602-8D6B-0D01DBAA1296}.Debug|Mixed Platforms.Build.0 = Debug|Any CPU
		{DA2CE722-219D-4602-8D6B-0D01DBAA1296}.Debug|x86.ActiveCfg = Debug|Any CPU
		{DA2CE722-219D-4602-8D6B-0D01DBAA1296}.Debug|x86.Build.0 = Debug|Any CPU
		{DA2CE722-219D-4602-8D6B-0D01DBAA1296}.DomLocalDb|Android.ActiveCfg = DomLocalDb|Any CPU
		{DA2CE722-219D-4602-8D6B-0D01DBAA1296}.DomLocalDb|Android.Build.0 = DomLocalDb|Any CPU
		{DA2CE722-219D-4602-8D6B-0D01DBAA1296}.DomLocalDb|Any CPU.ActiveCfg = DomLocalDb|Any CPU
		{DA2CE722-219D-4602-8D6B-0D01DBAA1296}.DomLocalDb|Any CPU.Build.0 = DomLocalDb|Any CPU
		{DA2CE722-219D-4602-8D6B-0D01DBAA1296}.DomLocalDb|ARM.ActiveCfg = DomLocalDb|Any CPU
		{DA2CE722-219D-4602-8D6B-0D01DBAA1296}.DomLocalDb|ARM.Build.0 = DomLocalDb|Any CPU
		{DA2CE722-219D-4602-8D6B-0D01DBAA1296}.DomLocalDb|iPhone.ActiveCfg = DomLocalDb|Any CPU
		{DA2CE722-219D-4602-8D6B-0D01DBAA1296}.DomLocalDb|iPhone.Build.0 = DomLocalDb|Any CPU
		{DA2CE722-219D-4602-8D6B-0D01DBAA1296}.DomLocalDb|iPhoneSimulator.ActiveCfg = DomLocalDb|Any CPU
		{DA2CE722-219D-4602-8D6B-0D01DBAA1296}.DomLocalDb|iPhoneSimulator.Build.0 = DomLocalDb|Any CPU
		{DA2CE722-219D-4602-8D6B-0D01DBAA1296}.DomLocalDb|Mixed Platforms.ActiveCfg = DomLocalDb|Any CPU
		{DA2CE722-219D-4602-8D6B-0D01DBAA1296}.DomLocalDb|Mixed Platforms.Build.0 = DomLocalDb|Any CPU
		{DA2CE722-219D-4602-8D6B-0D01DBAA1296}.DomLocalDb|x86.ActiveCfg = DomLocalDb|Any CPU
		{DA2CE722-219D-4602-8D6B-0D01DBAA1296}.DomLocalDb|x86.Build.0 = DomLocalDb|Any CPU
		{DA2CE722-219D-4602-8D6B-0D01DBAA1296}.EdgarLocalDb|Android.ActiveCfg = Release|Any CPU
		{DA2CE722-219D-4602-8D6B-0D01DBAA1296}.EdgarLocalDb|Android.Build.0 = Release|Any CPU
		{DA2CE722-219D-4602-8D6B-0D01DBAA1296}.EdgarLocalDb|Any CPU.ActiveCfg = Release|Any CPU
		{DA2CE722-219D-4602-8D6B-0D01DBAA1296}.EdgarLocalDb|Any CPU.Build.0 = Release|Any CPU
		{DA2CE722-219D-4602-8D6B-0D01DBAA1296}.EdgarLocalDb|ARM.ActiveCfg = Release|Any CPU
		{DA2CE722-219D-4602-8D6B-0D01DBAA1296}.EdgarLocalDb|ARM.Build.0 = Release|Any CPU
		{DA2CE722-219D-4602-8D6B-0D01DBAA1296}.EdgarLocalDb|iPhone.ActiveCfg = Release|Any CPU
		{DA2CE722-219D-4602-8D6B-0D01DBAA1296}.EdgarLocalDb|iPhone.Build.0 = Release|Any CPU
		{DA2CE722-219D-4602-8D6B-0D01DBAA1296}.EdgarLocalDb|iPhoneSimulator.ActiveCfg = Release|Any CPU
		{DA2CE722-219D-4602-8D6B-0D01DBAA1296}.EdgarLocalDb|iPhoneSimulator.Build.0 = Release|Any CPU
		{DA2CE722-219D-4602-8D6B-0D01DBAA1296}.EdgarLocalDb|Mixed Platforms.ActiveCfg = Release|Any CPU
		{DA2CE722-219D-4602-8D6B-0D01DBAA1296}.EdgarLocalDb|Mixed Platforms.Build.0 = Release|Any CPU
		{DA2CE722-219D-4602-8D6B-0D01DBAA1296}.EdgarLocalDb|x86.ActiveCfg = Release|Any CPU
		{DA2CE722-219D-4602-8D6B-0D01DBAA1296}.EdgarLocalDb|x86.Build.0 = Release|Any CPU
		{DA2CE722-219D-4602-8D6B-0D01DBAA1296}.MiroLocalDb|Android.ActiveCfg = Release|Any CPU
		{DA2CE722-219D-4602-8D6B-0D01DBAA1296}.MiroLocalDb|Android.Build.0 = Release|Any CPU
		{DA2CE722-219D-4602-8D6B-0D01DBAA1296}.MiroLocalDb|Any CPU.ActiveCfg = Release|Any CPU
		{DA2CE722-219D-4602-8D6B-0D01DBAA1296}.MiroLocalDb|Any CPU.Build.0 = Release|Any CPU
		{DA2CE722-219D-4602-8D6B-0D01DBAA1296}.MiroLocalDb|ARM.ActiveCfg = Release|Any CPU
		{DA2CE722-219D-4602-8D6B-0D01DBAA1296}.MiroLocalDb|ARM.Build.0 = Release|Any CPU
		{DA2CE722-219D-4602-8D6B-0D01DBAA1296}.MiroLocalDb|iPhone.ActiveCfg = Release|Any CPU
		{DA2CE722-219D-4602-8D6B-0D01DBAA1296}.MiroLocalDb|iPhone.Build.0 = Release|Any CPU
		{DA2CE722-219D-4602-8D6B-0D01DBAA1296}.MiroLocalDb|iPhoneSimulator.ActiveCfg = Release|Any CPU
		{DA2CE722-219D-4602-8D6B-0D01DBAA1296}.MiroLocalDb|iPhoneSimulator.Build.0 = Release|Any CPU
		{DA2CE722-219D-4602-8D6B-0D01DBAA1296}.MiroLocalDb|Mixed Platforms.ActiveCfg = Release|Any CPU
		{DA2CE722-219D-4602-8D6B-0D01DBAA1296}.MiroLocalDb|Mixed Platforms.Build.0 = Release|Any CPU
		{DA2CE722-219D-4602-8D6B-0D01DBAA1296}.MiroLocalDb|x86.ActiveCfg = Release|Any CPU
		{DA2CE722-219D-4602-8D6B-0D01DBAA1296}.MiroLocalDb|x86.Build.0 = Release|Any CPU
		{DA2CE722-219D-4602-8D6B-0D01DBAA1296}.Release|Android.ActiveCfg = Release|Any CPU
		{DA2CE722-219D-4602-8D6B-0D01DBAA1296}.Release|Android.Build.0 = Release|Any CPU
		{DA2CE722-219D-4602-8D6B-0D01DBAA1296}.Release|Any CPU.ActiveCfg = Release|Any CPU
		{DA2CE722-219D-4602-8D6B-0D01DBAA1296}.Release|Any CPU.Build.0 = Release|Any CPU
		{DA2CE722-219D-4602-8D6B-0D01DBAA1296}.Release|ARM.ActiveCfg = Release|Any CPU
		{DA2CE722-219D-4602-8D6B-0D01DBAA1296}.Release|ARM.Build.0 = Release|Any CPU
		{DA2CE722-219D-4602-8D6B-0D01DBAA1296}.Release|iPhone.ActiveCfg = Release|Any CPU
		{DA2CE722-219D-4602-8D6B-0D01DBAA1296}.Release|iPhone.Build.0 = Release|Any CPU
		{DA2CE722-219D-4602-8D6B-0D01DBAA1296}.Release|iPhoneSimulator.ActiveCfg = Release|Any CPU
		{DA2CE722-219D-4602-8D6B-0D01DBAA1296}.Release|iPhoneSimulator.Build.0 = Release|Any CPU
		{DA2CE722-219D-4602-8D6B-0D01DBAA1296}.Release|Mixed Platforms.ActiveCfg = Release|Any CPU
		{DA2CE722-219D-4602-8D6B-0D01DBAA1296}.Release|Mixed Platforms.Build.0 = Release|Any CPU
		{DA2CE722-219D-4602-8D6B-0D01DBAA1296}.Release|x86.ActiveCfg = Release|Any CPU
		{DA2CE722-219D-4602-8D6B-0D01DBAA1296}.Release|x86.Build.0 = Release|Any CPU
		{C2C0DFFF-C7DB-4BC0-82FB-C7C42C41D067}.Ad-Hoc|Android.ActiveCfg = Release|Any CPU
		{C2C0DFFF-C7DB-4BC0-82FB-C7C42C41D067}.Ad-Hoc|Android.Build.0 = Release|Any CPU
		{C2C0DFFF-C7DB-4BC0-82FB-C7C42C41D067}.Ad-Hoc|Any CPU.ActiveCfg = Release|Any CPU
		{C2C0DFFF-C7DB-4BC0-82FB-C7C42C41D067}.Ad-Hoc|Any CPU.Build.0 = Release|Any CPU
		{C2C0DFFF-C7DB-4BC0-82FB-C7C42C41D067}.Ad-Hoc|ARM.ActiveCfg = Release|Any CPU
		{C2C0DFFF-C7DB-4BC0-82FB-C7C42C41D067}.Ad-Hoc|ARM.Build.0 = Release|Any CPU
		{C2C0DFFF-C7DB-4BC0-82FB-C7C42C41D067}.Ad-Hoc|iPhone.ActiveCfg = Release|Any CPU
		{C2C0DFFF-C7DB-4BC0-82FB-C7C42C41D067}.Ad-Hoc|iPhone.Build.0 = Release|Any CPU
		{C2C0DFFF-C7DB-4BC0-82FB-C7C42C41D067}.Ad-Hoc|iPhoneSimulator.ActiveCfg = Release|Any CPU
		{C2C0DFFF-C7DB-4BC0-82FB-C7C42C41D067}.Ad-Hoc|iPhoneSimulator.Build.0 = Release|Any CPU
		{C2C0DFFF-C7DB-4BC0-82FB-C7C42C41D067}.Ad-Hoc|Mixed Platforms.ActiveCfg = Release|Any CPU
		{C2C0DFFF-C7DB-4BC0-82FB-C7C42C41D067}.Ad-Hoc|Mixed Platforms.Build.0 = Release|Any CPU
		{C2C0DFFF-C7DB-4BC0-82FB-C7C42C41D067}.Ad-Hoc|x86.ActiveCfg = Release|Any CPU
		{C2C0DFFF-C7DB-4BC0-82FB-C7C42C41D067}.Ad-Hoc|x86.Build.0 = Release|Any CPU
		{C2C0DFFF-C7DB-4BC0-82FB-C7C42C41D067}.AppStore|Android.ActiveCfg = Release|Any CPU
		{C2C0DFFF-C7DB-4BC0-82FB-C7C42C41D067}.AppStore|Android.Build.0 = Release|Any CPU
		{C2C0DFFF-C7DB-4BC0-82FB-C7C42C41D067}.AppStore|Any CPU.ActiveCfg = Release|Any CPU
		{C2C0DFFF-C7DB-4BC0-82FB-C7C42C41D067}.AppStore|Any CPU.Build.0 = Release|Any CPU
		{C2C0DFFF-C7DB-4BC0-82FB-C7C42C41D067}.AppStore|ARM.ActiveCfg = Release|Any CPU
		{C2C0DFFF-C7DB-4BC0-82FB-C7C42C41D067}.AppStore|ARM.Build.0 = Release|Any CPU
		{C2C0DFFF-C7DB-4BC0-82FB-C7C42C41D067}.AppStore|iPhone.ActiveCfg = Release|Any CPU
		{C2C0DFFF-C7DB-4BC0-82FB-C7C42C41D067}.AppStore|iPhone.Build.0 = Release|Any CPU
		{C2C0DFFF-C7DB-4BC0-82FB-C7C42C41D067}.AppStore|iPhoneSimulator.ActiveCfg = Release|Any CPU
		{C2C0DFFF-C7DB-4BC0-82FB-C7C42C41D067}.AppStore|iPhoneSimulator.Build.0 = Release|Any CPU
		{C2C0DFFF-C7DB-4BC0-82FB-C7C42C41D067}.AppStore|Mixed Platforms.ActiveCfg = Release|Any CPU
		{C2C0DFFF-C7DB-4BC0-82FB-C7C42C41D067}.AppStore|Mixed Platforms.Build.0 = Release|Any CPU
		{C2C0DFFF-C7DB-4BC0-82FB-C7C42C41D067}.AppStore|x86.ActiveCfg = Release|Any CPU
		{C2C0DFFF-C7DB-4BC0-82FB-C7C42C41D067}.AppStore|x86.Build.0 = Release|Any CPU
		{C2C0DFFF-C7DB-4BC0-82FB-C7C42C41D067}.Base|Android.ActiveCfg = Release|Any CPU
		{C2C0DFFF-C7DB-4BC0-82FB-C7C42C41D067}.Base|Android.Build.0 = Release|Any CPU
		{C2C0DFFF-C7DB-4BC0-82FB-C7C42C41D067}.Base|Any CPU.ActiveCfg = Release|Any CPU
		{C2C0DFFF-C7DB-4BC0-82FB-C7C42C41D067}.Base|Any CPU.Build.0 = Release|Any CPU
		{C2C0DFFF-C7DB-4BC0-82FB-C7C42C41D067}.Base|ARM.ActiveCfg = Release|Any CPU
		{C2C0DFFF-C7DB-4BC0-82FB-C7C42C41D067}.Base|ARM.Build.0 = Release|Any CPU
		{C2C0DFFF-C7DB-4BC0-82FB-C7C42C41D067}.Base|iPhone.ActiveCfg = Release|Any CPU
		{C2C0DFFF-C7DB-4BC0-82FB-C7C42C41D067}.Base|iPhone.Build.0 = Release|Any CPU
		{C2C0DFFF-C7DB-4BC0-82FB-C7C42C41D067}.Base|iPhoneSimulator.ActiveCfg = Release|Any CPU
		{C2C0DFFF-C7DB-4BC0-82FB-C7C42C41D067}.Base|iPhoneSimulator.Build.0 = Release|Any CPU
		{C2C0DFFF-C7DB-4BC0-82FB-C7C42C41D067}.Base|Mixed Platforms.ActiveCfg = Release|Any CPU
		{C2C0DFFF-C7DB-4BC0-82FB-C7C42C41D067}.Base|Mixed Platforms.Build.0 = Release|Any CPU
		{C2C0DFFF-C7DB-4BC0-82FB-C7C42C41D067}.Base|x86.ActiveCfg = Release|Any CPU
		{C2C0DFFF-C7DB-4BC0-82FB-C7C42C41D067}.Base|x86.Build.0 = Release|Any CPU
		{C2C0DFFF-C7DB-4BC0-82FB-C7C42C41D067}.Debug|Android.ActiveCfg = Debug|Any CPU
		{C2C0DFFF-C7DB-4BC0-82FB-C7C42C41D067}.Debug|Android.Build.0 = Debug|Any CPU
		{C2C0DFFF-C7DB-4BC0-82FB-C7C42C41D067}.Debug|Any CPU.ActiveCfg = Debug|Any CPU
		{C2C0DFFF-C7DB-4BC0-82FB-C7C42C41D067}.Debug|Any CPU.Build.0 = Debug|Any CPU
		{C2C0DFFF-C7DB-4BC0-82FB-C7C42C41D067}.Debug|ARM.ActiveCfg = Debug|Any CPU
		{C2C0DFFF-C7DB-4BC0-82FB-C7C42C41D067}.Debug|ARM.Build.0 = Debug|Any CPU
		{C2C0DFFF-C7DB-4BC0-82FB-C7C42C41D067}.Debug|iPhone.ActiveCfg = Debug|Any CPU
		{C2C0DFFF-C7DB-4BC0-82FB-C7C42C41D067}.Debug|iPhone.Build.0 = Debug|Any CPU
		{C2C0DFFF-C7DB-4BC0-82FB-C7C42C41D067}.Debug|iPhoneSimulator.ActiveCfg = Debug|Any CPU
		{C2C0DFFF-C7DB-4BC0-82FB-C7C42C41D067}.Debug|iPhoneSimulator.Build.0 = Debug|Any CPU
		{C2C0DFFF-C7DB-4BC0-82FB-C7C42C41D067}.Debug|Mixed Platforms.ActiveCfg = Debug|Any CPU
		{C2C0DFFF-C7DB-4BC0-82FB-C7C42C41D067}.Debug|Mixed Platforms.Build.0 = Debug|Any CPU
		{C2C0DFFF-C7DB-4BC0-82FB-C7C42C41D067}.Debug|x86.ActiveCfg = Debug|Any CPU
		{C2C0DFFF-C7DB-4BC0-82FB-C7C42C41D067}.Debug|x86.Build.0 = Debug|Any CPU
		{C2C0DFFF-C7DB-4BC0-82FB-C7C42C41D067}.DomLocalDb|Android.ActiveCfg = DomLocalDb|Any CPU
		{C2C0DFFF-C7DB-4BC0-82FB-C7C42C41D067}.DomLocalDb|Android.Build.0 = DomLocalDb|Any CPU
		{C2C0DFFF-C7DB-4BC0-82FB-C7C42C41D067}.DomLocalDb|Any CPU.ActiveCfg = DomLocalDb|Any CPU
		{C2C0DFFF-C7DB-4BC0-82FB-C7C42C41D067}.DomLocalDb|Any CPU.Build.0 = DomLocalDb|Any CPU
		{C2C0DFFF-C7DB-4BC0-82FB-C7C42C41D067}.DomLocalDb|ARM.ActiveCfg = DomLocalDb|Any CPU
		{C2C0DFFF-C7DB-4BC0-82FB-C7C42C41D067}.DomLocalDb|ARM.Build.0 = DomLocalDb|Any CPU
		{C2C0DFFF-C7DB-4BC0-82FB-C7C42C41D067}.DomLocalDb|iPhone.ActiveCfg = DomLocalDb|Any CPU
		{C2C0DFFF-C7DB-4BC0-82FB-C7C42C41D067}.DomLocalDb|iPhone.Build.0 = DomLocalDb|Any CPU
		{C2C0DFFF-C7DB-4BC0-82FB-C7C42C41D067}.DomLocalDb|iPhoneSimulator.ActiveCfg = DomLocalDb|Any CPU
		{C2C0DFFF-C7DB-4BC0-82FB-C7C42C41D067}.DomLocalDb|iPhoneSimulator.Build.0 = DomLocalDb|Any CPU
		{C2C0DFFF-C7DB-4BC0-82FB-C7C42C41D067}.DomLocalDb|Mixed Platforms.ActiveCfg = DomLocalDb|Any CPU
		{C2C0DFFF-C7DB-4BC0-82FB-C7C42C41D067}.DomLocalDb|Mixed Platforms.Build.0 = DomLocalDb|Any CPU
		{C2C0DFFF-C7DB-4BC0-82FB-C7C42C41D067}.DomLocalDb|x86.ActiveCfg = DomLocalDb|Any CPU
		{C2C0DFFF-C7DB-4BC0-82FB-C7C42C41D067}.DomLocalDb|x86.Build.0 = DomLocalDb|Any CPU
		{C2C0DFFF-C7DB-4BC0-82FB-C7C42C41D067}.EdgarLocalDb|Android.ActiveCfg = Release|Any CPU
		{C2C0DFFF-C7DB-4BC0-82FB-C7C42C41D067}.EdgarLocalDb|Android.Build.0 = Release|Any CPU
		{C2C0DFFF-C7DB-4BC0-82FB-C7C42C41D067}.EdgarLocalDb|Any CPU.ActiveCfg = Release|Any CPU
		{C2C0DFFF-C7DB-4BC0-82FB-C7C42C41D067}.EdgarLocalDb|Any CPU.Build.0 = Release|Any CPU
		{C2C0DFFF-C7DB-4BC0-82FB-C7C42C41D067}.EdgarLocalDb|ARM.ActiveCfg = Release|Any CPU
		{C2C0DFFF-C7DB-4BC0-82FB-C7C42C41D067}.EdgarLocalDb|ARM.Build.0 = Release|Any CPU
		{C2C0DFFF-C7DB-4BC0-82FB-C7C42C41D067}.EdgarLocalDb|iPhone.ActiveCfg = Release|Any CPU
		{C2C0DFFF-C7DB-4BC0-82FB-C7C42C41D067}.EdgarLocalDb|iPhone.Build.0 = Release|Any CPU
		{C2C0DFFF-C7DB-4BC0-82FB-C7C42C41D067}.EdgarLocalDb|iPhoneSimulator.ActiveCfg = Release|Any CPU
		{C2C0DFFF-C7DB-4BC0-82FB-C7C42C41D067}.EdgarLocalDb|iPhoneSimulator.Build.0 = Release|Any CPU
		{C2C0DFFF-C7DB-4BC0-82FB-C7C42C41D067}.EdgarLocalDb|Mixed Platforms.ActiveCfg = Release|Any CPU
		{C2C0DFFF-C7DB-4BC0-82FB-C7C42C41D067}.EdgarLocalDb|Mixed Platforms.Build.0 = Release|Any CPU
		{C2C0DFFF-C7DB-4BC0-82FB-C7C42C41D067}.EdgarLocalDb|x86.ActiveCfg = Release|Any CPU
		{C2C0DFFF-C7DB-4BC0-82FB-C7C42C41D067}.EdgarLocalDb|x86.Build.0 = Release|Any CPU
		{C2C0DFFF-C7DB-4BC0-82FB-C7C42C41D067}.MiroLocalDb|Android.ActiveCfg = Release|Any CPU
		{C2C0DFFF-C7DB-4BC0-82FB-C7C42C41D067}.MiroLocalDb|Android.Build.0 = Release|Any CPU
		{C2C0DFFF-C7DB-4BC0-82FB-C7C42C41D067}.MiroLocalDb|Any CPU.ActiveCfg = Release|Any CPU
		{C2C0DFFF-C7DB-4BC0-82FB-C7C42C41D067}.MiroLocalDb|Any CPU.Build.0 = Release|Any CPU
		{C2C0DFFF-C7DB-4BC0-82FB-C7C42C41D067}.MiroLocalDb|ARM.ActiveCfg = Release|Any CPU
		{C2C0DFFF-C7DB-4BC0-82FB-C7C42C41D067}.MiroLocalDb|ARM.Build.0 = Release|Any CPU
		{C2C0DFFF-C7DB-4BC0-82FB-C7C42C41D067}.MiroLocalDb|iPhone.ActiveCfg = Release|Any CPU
		{C2C0DFFF-C7DB-4BC0-82FB-C7C42C41D067}.MiroLocalDb|iPhone.Build.0 = Release|Any CPU
		{C2C0DFFF-C7DB-4BC0-82FB-C7C42C41D067}.MiroLocalDb|iPhoneSimulator.ActiveCfg = Release|Any CPU
		{C2C0DFFF-C7DB-4BC0-82FB-C7C42C41D067}.MiroLocalDb|iPhoneSimulator.Build.0 = Release|Any CPU
		{C2C0DFFF-C7DB-4BC0-82FB-C7C42C41D067}.MiroLocalDb|Mixed Platforms.ActiveCfg = Release|Any CPU
		{C2C0DFFF-C7DB-4BC0-82FB-C7C42C41D067}.MiroLocalDb|Mixed Platforms.Build.0 = Release|Any CPU
		{C2C0DFFF-C7DB-4BC0-82FB-C7C42C41D067}.MiroLocalDb|x86.ActiveCfg = Release|Any CPU
		{C2C0DFFF-C7DB-4BC0-82FB-C7C42C41D067}.MiroLocalDb|x86.Build.0 = Release|Any CPU
		{C2C0DFFF-C7DB-4BC0-82FB-C7C42C41D067}.Release|Android.ActiveCfg = Release|Any CPU
		{C2C0DFFF-C7DB-4BC0-82FB-C7C42C41D067}.Release|Android.Build.0 = Release|Any CPU
		{C2C0DFFF-C7DB-4BC0-82FB-C7C42C41D067}.Release|Any CPU.ActiveCfg = Release|Any CPU
		{C2C0DFFF-C7DB-4BC0-82FB-C7C42C41D067}.Release|Any CPU.Build.0 = Release|Any CPU
		{C2C0DFFF-C7DB-4BC0-82FB-C7C42C41D067}.Release|ARM.ActiveCfg = Release|Any CPU
		{C2C0DFFF-C7DB-4BC0-82FB-C7C42C41D067}.Release|ARM.Build.0 = Release|Any CPU
		{C2C0DFFF-C7DB-4BC0-82FB-C7C42C41D067}.Release|iPhone.ActiveCfg = Release|Any CPU
		{C2C0DFFF-C7DB-4BC0-82FB-C7C42C41D067}.Release|iPhone.Build.0 = Release|Any CPU
		{C2C0DFFF-C7DB-4BC0-82FB-C7C42C41D067}.Release|iPhoneSimulator.ActiveCfg = Release|Any CPU
		{C2C0DFFF-C7DB-4BC0-82FB-C7C42C41D067}.Release|iPhoneSimulator.Build.0 = Release|Any CPU
		{C2C0DFFF-C7DB-4BC0-82FB-C7C42C41D067}.Release|Mixed Platforms.ActiveCfg = Release|Any CPU
		{C2C0DFFF-C7DB-4BC0-82FB-C7C42C41D067}.Release|Mixed Platforms.Build.0 = Release|Any CPU
		{C2C0DFFF-C7DB-4BC0-82FB-C7C42C41D067}.Release|x86.ActiveCfg = Release|Any CPU
		{C2C0DFFF-C7DB-4BC0-82FB-C7C42C41D067}.Release|x86.Build.0 = Release|Any CPU
	EndGlobalSection
	GlobalSection(SolutionProperties) = preSolution
		HideSolutionNode = FALSE
	EndGlobalSection
EndGlobal
